
Microsoft Visual Studio Solution File, Format Version 12.00
# Visual Studio Version 16
VisualStudioVersion = 16.0.30621.155
MinimumVisualStudioVersion = 10.0.40219.1
Project("{FAE04EC0-301F-11D3-BF4B-00C04F79EFBC}") = "Veedfrnd.BookStore", "Veedfrnd.BookStore\Veedfrnd.BookStore.csproj", "{4BED68B7-0C95-413E-8DAD-4E9AB21E2B50}"
EndProject
Global
	GlobalSection(SolutionConfigurationPlatforms) = preSolution
		Debug|Any CPU = Debug|Any CPU
		Release|Any CPU = Release|Any CPU
	EndGlobalSection
	GlobalSection(ProjectConfigurationPlatforms) = postSolution
		{4BED68B7-0C95-413E-8DAD-4E9AB21E2B50}.Debug|Any CPU.ActiveCfg = Debug|Any CPU
		{4BED68B7-0C95-413E-8DAD-4E9AB21E2B50}.Debug|Any CPU.Build.0 = Debug|Any CPU
		{4BED68B7-0C95-413E-8DAD-4E9AB21E2B50}.Release|Any CPU.ActiveCfg = Release|Any CPU
		{4BED68B7-0C95-413E-8DAD-4E9AB21E2B50}.Release|Any CPU.Build.0 = Release|Any CPU
	EndGlobalSection
	GlobalSection(SolutionProperties) = preSolution
		HideSolutionNode = FALSE
	EndGlobalSection
	GlobalSection(ExtensibilityGlobals) = postSolution
		SolutionGuid = {BF7263A4-F6BE-4FD0-BFCD-EBBA5FAF8056}
	EndGlobalSection
EndGlobal
